
Microsoft Visual Studio Solution File, Format Version 12.00
# Visual Studio Version 16
VisualStudioVersion = 16.0.28922.388
MinimumVisualStudioVersion = 10.0.40219.1
Project("{FAE04EC0-301F-11D3-BF4B-00C04F79EFBC}") = "TaskDemo", "TaskDemo.csproj", "{78994DA4-4506-4A53-9F52-72E0E081FE9F}"
EndProject
Global
	GlobalSection(SolutionConfigurationPlatforms) = preSolution
		Debug|Any CPU = Debug|Any CPU
		Release|Any CPU = Release|Any CPU
	EndGlobalSection
	GlobalSection(ProjectConfigurationPlatforms) = postSolution
		{78994DA4-4506-4A53-9F52-72E0E081FE9F}.Debug|Any CPU.ActiveCfg = Debug|Any CPU
		{78994DA4-4506-4A53-9F52-72E0E081FE9F}.Debug|Any CPU.Build.0 = Debug|Any CPU
		{78994DA4-4506-4A53-9F52-72E0E081FE9F}.Release|Any CPU.ActiveCfg = Release|Any CPU
		{78994DA4-4506-4A53-9F52-72E0E081FE9F}.Release|Any CPU.Build.0 = Release|Any CPU
	EndGlobalSection
	GlobalSection(SolutionProperties) = preSolution
		HideSolutionNode = FALSE
	EndGlobalSection
	GlobalSection(ExtensibilityGlobals) = postSolution
		SolutionGuid = {E8368E16-5124-441D-9485-3DFCC8C23433}
	EndGlobalSection
EndGlobal
